
Microsoft Visual Studio Solution File, Format Version 12.00
# Visual Studio 15
VisualStudioVersion = 15.0.28307.539
MinimumVisualStudioVersion = 10.0.40219.1
Project("{FAE04EC0-301F-11D3-BF4B-00C04F79EFBC}") = "reader", "reader\reader.csproj", "{E9FD7EA8-E61C-4969-9D7C-CFF22B21C1EB}"
EndProject
Global
	GlobalSection(SolutionConfigurationPlatforms) = preSolution
		Debug|Any CPU = Debug|Any CPU
		Release|Any CPU = Release|Any CPU
	EndGlobalSection
	GlobalSection(ProjectConfigurationPlatforms) = postSolution
		{E9FD7EA8-E61C-4969-9D7C-CFF22B21C1EB}.Debug|Any CPU.ActiveCfg = Debug|Any CPU
		{E9FD7EA8-E61C-4969-9D7C-CFF22B21C1EB}.Debug|Any CPU.Build.0 = Debug|Any CPU
		{E9FD7EA8-E61C-4969-9D7C-CFF22B21C1EB}.Release|Any CPU.ActiveCfg = Release|Any CPU
		{E9FD7EA8-E61C-4969-9D7C-CFF22B21C1EB}.Release|Any CPU.Build.0 = Release|Any CPU
	EndGlobalSection
	GlobalSection(SolutionProperties) = preSolution
		HideSolutionNode = FALSE
	EndGlobalSection
	GlobalSection(ExtensibilityGlobals) = postSolution
		SolutionGuid = {E602BE9F-1FEF-4D8D-B190-E2DE54602F74}
	EndGlobalSection
EndGlobal
